{
  "name": "parity-lens-web-assets",
  "version": "1.0.0",
  "lockfileVersion": 3,
  "requires": true,
  "packages": {
    "": {
      "name": "parity-lens-web-assets",
      "version": "1.0.0",
      "dependencies": {
        "@fontsource/ibm-plex-mono": "5.2.6",
        "@fontsource/ibm-plex-sans": "5.2.6",
        "ace-builds": "1.36.5",
        "lucide": "0.468.0",
        "vis-timeline": "7.7.3"
      },
      "devDependencies": {
        "@playwright/test": "1.55.0"
      }
    },
    "node_modules/@egjs/hammerjs": {
      "version": "2.0.17",
      "resolved": "https://ms-feed-2.pkgs.visualstudio.com/1es-public/_packaging/npm-public/npm/registry/@egjs/hammerjs/-/hammerjs-2.0.17.tgz",
      "integrity": "sha1-XcAq91pqBuTC2wICyuOMkmOJUSQ=",
      "license": "MIT",
      "peer": true,
      "dependencies": {
        "@types/hammerjs": "^2.0.36"
      },
      "engines": {
        "node": ">=0.8.0"
      }
    },
    "node_modules/@fontsource/ibm-plex-mono": {
      "version": "5.2.6",
      "resolved": "https://ms-feed-25.pkgs.visualstudio.com/1es-public/_packaging/npm-public/npm/registry/@fontsource/ibm-plex-mono/-/ibm-plex-mono-5.2.6.tgz",
      "integrity": "sha1-ejhTVnp9ibKbCVUlt7bU35/BTY0=",
      "license": "OFL-1.1",
      "funding": {
        "url": "https://github.com/sponsors/ayuhito"
      }
    },
    "node_modules/@fontsource/ibm-plex-sans": {
      "version": "5.2.6",
      "resolved": "https://ms-feed-12.pkgs.visualstudio.com/1es-public/_packaging/npm-public/npm/registry/@fontsource/ibm-plex-sans/-/ibm-plex-sans-5.2.6.tgz",
      "integrity": "sha1-icXNCe05Vr9f8GG7V6Yb9XTX840=",
      "license": "OFL-1.1",
      "funding": {
        "url": "https://github.com/sponsors/ayuhito"
      }
    },
    "node_modules/@playwright/test": {
      "version": "1.55.0",
      "resolved": "https://ms-feed-17.pkgs.visualstudio.com/1es-public/_packaging/npm-public/npm/registry/@playwright/test/-/test-1.55.0.tgz",
      "integrity": "sha1-CA+m2e5tdJ/1I7HBgllXLQJouWM=",
      "dev": true,
      "license": "Apache-2.0",
      "dependencies": {
        "playwright": "1.55.0"
      },
      "bin": {
        "playwright": "cli.js"
      },
      "engines": {
        "node": ">=18"
      }
    },
    "node_modules/@types/hammerjs": {
      "version": "2.0.46",
      "resolved": "https://ms-feed-2.pkgs.visualstudio.com/1es-public/_packaging/npm-public/npm/registry/@types/hammerjs/-/hammerjs-2.0.46.tgz",
      "integrity": "sha1-OB2qyhNg/4p8jf9j8y5pdFufseE=",
      "license": "MIT",
      "peer": true
    },
    "node_modules/ace-builds": {
      "version": "1.36.5",
      "resolved": "https://ms-feed-25.pkgs.visualstudio.com/1es-public/_packaging/npm-public/npm/registry/ace-builds/-/ace-builds-1.36.5.tgz",
      "integrity": "sha1-rpzHoy7MwvSEkmExwAVFzWt4pqY=",
      "license": "BSD-3-Clause"
    },
    "node_modules/commander": {
      "version": "2.20.3",
      "resolved": "https://ms-feed-12.pkgs.visualstudio.com/1es-public/_packaging/npm-public/npm/registry/commander/-/commander-2.20.3.tgz",
      "integrity": "sha1-/UhehMA+tIgcIHIrpIA16FMa6zM=",
      "license": "MIT",
      "peer": true
    },
    "node_modules/component-emitter": {
      "version": "1.3.1",
      "resolved": "https://ms-feed-2.pkgs.visualstudio.com/1es-public/_packaging/npm-public/npm/registry/component-emitter/-/component-emitter-1.3.1.tgz",
      "integrity": "sha1-7x1XlvfZPxNe5vtoQ0CyZAPJfRc=",
      "license": "MIT",
      "peer": true,
      "funding": {
        "url": "https://github.com/sponsors/sindresorhus"
      }
    },
    "node_modules/cssfilter": {
      "version": "0.0.10",
      "resolved": "https://ms-feed-12.pkgs.visualstudio.com/1es-public/_packaging/npm-public/npm/registry/cssfilter/-/cssfilter-0.0.10.tgz",
      "integrity": "sha1-xtJnJjKi5cg+AT5oZKQs6N79IK4=",
      "license": "MIT",
      "peer": true
    },
    "node_modules/fsevents": {
      "version": "2.3.2",
      "resolved": "https://ms-feed-12.pkgs.visualstudio.com/1es-public/_packaging/npm-public/npm/registry/fsevents/-/fsevents-2.3.2.tgz",
      "integrity": "sha1-ilJveLj99GI7cJ4Ll1xSwkwC/Ro=",
      "dev": true,
      "license": "MIT",
      "optional": true,
      "os": [
        "darwin"
      ],
      "engines": {
        "node": "^8.16.0 || ^10.6.0 || >=11.0.0"
      }
    },
    "node_modules/keycharm": {
      "version": "0.4.0",
      "resolved": "https://ms-feed-2.pkgs.visualstudio.com/1es-public/_packaging/npm-public/npm/registry/keycharm/-/keycharm-0.4.0.tgz",
      "integrity": "sha1-jWhOqcwBN5oH+93uM/8y2X9a4qc=",
      "license": "(Apache-2.0 OR MIT)",
      "peer": true
    },
    "node_modules/lucide": {
      "version": "0.468.0",
      "resolved": "https://ms-feed-17.pkgs.visualstudio.com/1es-public/_packaging/npm-public/npm/registry/lucide/-/lucide-0.468.0.tgz",
      "integrity": "sha1-F1dbuzgKvn1OV+MkgmALsOM2vHw=",
      "license": "ISC"
    },
    "node_modules/moment": {
      "version": "2.30.1",
      "resolved": "https://ms-feed-12.pkgs.visualstudio.com/1es-public/_packaging/npm-public/npm/registry/moment/-/moment-2.30.1.tgz",
      "integrity": "sha1-+MkcB7enhuMMWZJt9TC06slpdK4=",
      "license": "MIT",
      "peer": true,
      "engines": {
        "node": "*"
      }
    },
    "node_modules/playwright": {
      "version": "1.55.0",
      "resolved": "https://ms-feed-12.pkgs.visualstudio.com/1es-public/_packaging/npm-public/npm/registry/playwright/-/playwright-1.55.0.tgz",
      "integrity": "sha1-esp6w//Z4IOorYslFNb5ukAcx4s=",
      "dev": true,
      "license": "Apache-2.0",
      "dependencies": {
        "playwright-core": "1.55.0"
      },
      "bin": {
        "playwright": "cli.js"
      },
      "engines": {
        "node": ">=18"
      },
      "optionalDependencies": {
        "fsevents": "2.3.2"
      }
    },
    "node_modules/playwright-core": {
      "version": "1.55.0",
      "resolved": "https://ms-feed-2.pkgs.visualstudio.com/1es-public/_packaging/npm-public/npm/registry/playwright-core/-/playwright-core-1.55.0.tgz",
      "integrity": "sha1-7IqfjvEYr7Pobg9G8Tk+O+oyrfQ=",
      "dev": true,
      "license": "Apache-2.0",
      "bin": {
        "playwright-core": "cli.js"
      },
      "engines": {
        "node": ">=18"
      }
    },
    "node_modules/propagating-hammerjs": {
      "version": "2.0.1",
      "resolved": "https://ms-feed-17.pkgs.visualstudio.com/1es-public/_packaging/npm-public/npm/registry/propagating-hammerjs/-/propagating-hammerjs-2.0.1.tgz",
      "integrity": "sha1-K6XUkdhzSUTMCs6a0q6WYCMs3l0=",
      "license": "MIT",
      "peer": true,
      "peerDependencies": {
        "@egjs/hammerjs": "^2.0.17"
      }
    },
    "node_modules/uuid": {
      "version": "9.0.1",
      "resolved": "https://ms-feed-2.pkgs.visualstudio.com/1es-public/_packaging/npm-public/npm/registry/uuid/-/uuid-9.0.1.tgz",
      "integrity": "sha1-4YjUyIU8xyIiA5LEJM1jfzIpPzA=",
      "deprecated": "uuid@10 and below is no longer supported.  For ESM codebases, update to uuid@latest.  For CommonJS codebases, use uuid@11 (but be aware this version will likely be deprecated in 2028).",
      "funding": [
        "https://github.com/sponsors/broofa",
        "https://github.com/sponsors/ctavan"
      ],
      "license": "MIT",
      "peer": true,
      "bin": {
        "uuid": "dist/bin/uuid"
      }
    },
    "node_modules/vis-data": {
      "version": "7.1.10",
      "resolved": "https://ms-feed-2.pkgs.visualstudio.com/1es-public/_packaging/npm-public/npm/registry/vis-data/-/vis-data-7.1.10.tgz",
      "integrity": "sha1-cJcLry4MIZVlZzseMi6xtyk7gH4=",
      "license": "(Apache-2.0 OR MIT)",
      "peer": true,
      "funding": {
        "type": "opencollective",
        "url": "https://opencollective.com/visjs"
      },
      "peerDependencies": {
        "uuid": "^3.4.0 || ^7.0.0 || ^8.0.0 || ^9.0.0 || ^10.0.0 || ^11.0.0",
        "vis-util": "^5.0.1"
      }
    },
    "node_modules/vis-timeline": {
      "version": "7.7.3",
      "resolved": "https://ms-feed-2.pkgs.visualstudio.com/1es-public/_packaging/npm-public/npm/registry/vis-timeline/-/vis-timeline-7.7.3.tgz",
      "integrity": "sha1-eUNOswKRab/43htQEqpcKXhtZZQ=",
      "license": "(Apache-2.0 OR MIT)",
      "funding": {
        "type": "opencollective",
        "url": "https://opencollective.com/visjs"
      },
      "peerDependencies": {
        "@egjs/hammerjs": "^2.0.0",
        "component-emitter": "^1.3.0",
        "keycharm": "^0.2.0 || ^0.3.0 || ^0.4.0",
        "moment": "^2.24.0",
        "propagating-hammerjs": "^1.4.0 || ^2.0.0",
        "uuid": "^3.4.0 || ^7.0.0 || ^8.0.0 || ^9.0.0",
        "vis-data": "^6.3.0 || ^7.0.0",
        "vis-util": "^5.0.1",
        "xss": "^1.0.0"
      }
    },
    "node_modules/vis-util": {
      "version": "5.0.7",
      "resolved": "https://ms-feed-25.pkgs.visualstudio.com/1es-public/_packaging/npm-public/npm/registry/vis-util/-/vis-util-5.0.7.tgz",
      "integrity": "sha1-Bf3Bss6PWL/VY13l3j8VK0t7DGM=",
      "license": "(Apache-2.0 OR MIT)",
      "peer": true,
      "engines": {
        "node": ">=8"
      },
      "funding": {
        "type": "opencollective",
        "url": "https://opencollective.com/visjs"
      },
      "peerDependencies": {
        "@egjs/hammerjs": "^2.0.0",
        "component-emitter": "^1.3.0 || ^2.0.0"
      }
    },
    "node_modules/xss": {
      "version": "1.0.15",
      "resolved": "https://ms-feed-25.pkgs.visualstudio.com/1es-public/_packaging/npm-public/npm/registry/xss/-/xss-1.0.15.tgz",
      "integrity": "sha1-lqDhOIbwZhBjAotBDtGxhnD05Zo=",
      "license": "MIT",
      "peer": true,
      "dependencies": {
        "commander": "^2.20.3",
        "cssfilter": "0.0.10"
      },
      "bin": {
        "xss": "bin/xss"
      },
      "engines": {
        "node": ">= 0.10.0"
      }
    }
  }
}
